
Microsoft Visual Studio Solution File, Format Version 12.00
# Visual Studio Version 16
VisualStudioVersion = 16.0.30517.126
MinimumVisualStudioVersion = 10.0.40219.1
Project("{FAE04EC0-301F-11D3-BF4B-00C04F79EFBC}") = "hangmanGame", "hangmanGame.csproj", "{B6786305-4E62-476D-A7DA-8B66EA5E0A7D}"
EndProject
Global
	GlobalSection(SolutionConfigurationPlatforms) = preSolution
		Debug|Any CPU = Debug|Any CPU
		Release|Any CPU = Release|Any CPU
	EndGlobalSection
	GlobalSection(ProjectConfigurationPlatforms) = postSolution
		{B6786305-4E62-476D-A7DA-8B66EA5E0A7D}.Debug|Any CPU.ActiveCfg = Debug|Any CPU
		{B6786305-4E62-476D-A7DA-8B66EA5E0A7D}.Debug|Any CPU.Build.0 = Debug|Any CPU
		{B6786305-4E62-476D-A7DA-8B66EA5E0A7D}.Release|Any CPU.ActiveCfg = Release|Any CPU
		{B6786305-4E62-476D-A7DA-8B66EA5E0A7D}.Release|Any CPU.Build.0 = Release|Any CPU
	EndGlobalSection
	GlobalSection(SolutionProperties) = preSolution
		HideSolutionNode = FALSE
	EndGlobalSection
	GlobalSection(ExtensibilityGlobals) = postSolution
		SolutionGuid = {14086DF2-AC33-4845-8449-F417265279E0}
	EndGlobalSection
EndGlobal
